
Microsoft Visual Studio Solution File, Format Version 12.00
# Visual Studio Version 17
VisualStudioVersion = 17.10.35027.167
MinimumVisualStudioVersion = 10.0.40219.1
Project("{9A19103F-16F7-4668-BE54-9A1E7A4F7556}") = "yellowCat", "yellowCat.csproj", "{4658305E-2193-4765-BD28-A84D99CB807C}"
EndProject
Project("{FAE04EC0-301F-11D3-BF4B-00C04F79EFBC}") = "yellowCat.Data", "..\yellowCat.Data\yellowCat.Data.csproj", "{FB7CCF3A-35E4-4738-8088-6B43CBEFEFC6}"
EndProject
Project("{FAE04EC0-301F-11D3-BF4B-00C04F79EFBC}") = "yellowCat.Model", "..\yellowCat.Model\yellowCat.Model.csproj", "{210BADCE-025A-4972-B5F3-9CA500690EB6}"
EndProject
Global
	GlobalSection(SolutionConfigurationPlatforms) = preSolution
		Debug|Any CPU = Debug|Any CPU
		Release|Any CPU = Release|Any CPU
	EndGlobalSection
	GlobalSection(ProjectConfigurationPlatforms) = postSolution
		{4658305E-2193-4765-BD28-A84D99CB807C}.Debug|Any CPU.ActiveCfg = Debug|Any CPU
		{4658305E-2193-4765-BD28-A84D99CB807C}.Debug|Any CPU.Build.0 = Debug|Any CPU
		{4658305E-2193-4765-BD28-A84D99CB807C}.Release|Any CPU.ActiveCfg = Release|Any CPU
		{4658305E-2193-4765-BD28-A84D99CB807C}.Release|Any CPU.Build.0 = Release|Any CPU
		{FB7CCF3A-35E4-4738-8088-6B43CBEFEFC6}.Debug|Any CPU.ActiveCfg = Debug|Any CPU
		{FB7CCF3A-35E4-4738-8088-6B43CBEFEFC6}.Debug|Any CPU.Build.0 = Debug|Any CPU
		{FB7CCF3A-35E4-4738-8088-6B43CBEFEFC6}.Release|Any CPU.ActiveCfg = Release|Any CPU
		{FB7CCF3A-35E4-4738-8088-6B43CBEFEFC6}.Release|Any CPU.Build.0 = Release|Any CPU
		{210BADCE-025A-4972-B5F3-9CA500690EB6}.Debug|Any CPU.ActiveCfg = Debug|Any CPU
		{210BADCE-025A-4972-B5F3-9CA500690EB6}.Debug|Any CPU.Build.0 = Debug|Any CPU
		{210BADCE-025A-4972-B5F3-9CA500690EB6}.Release|Any CPU.ActiveCfg = Release|Any CPU
		{210BADCE-025A-4972-B5F3-9CA500690EB6}.Release|Any CPU.Build.0 = Release|Any CPU
	EndGlobalSection
	GlobalSection(SolutionProperties) = preSolution
		HideSolutionNode = FALSE
	EndGlobalSection
	GlobalSection(ExtensibilityGlobals) = postSolution
		SolutionGuid = {F9BBA26F-64D2-40B8-A420-90775A03CC91}
	EndGlobalSection
EndGlobal
